
Microsoft Visual Studio Solution File, Format Version 12.00
# Visual Studio 15
VisualStudioVersion = 15.0.27004.2009
MinimumVisualStudioVersion = 10.0.40219.1
Project("{FAE04EC0-301F-11D3-BF4B-00C04F79EFBC}") = "FDK", "FDK\FDK.csproj", "{0E35C4AC-6E28-4A09-A6CE-05D177800051}"
EndProject
Project("{FAE04EC0-301F-11D3-BF4B-00C04F79EFBC}") = "FDKTests", "FDKTests\FDKTests.csproj", "{24C456DB-F7CA-45CE-84A6-0B2EAF32ED07}"
EndProject
Project("{FAE04EC0-301F-11D3-BF4B-00C04F79EFBC}") = "SSTFormat", "SSTFormat\SSTFormat.csproj", "{93B53767-A0A5-431C-9EC7-B23DBFFB10EC}"
EndProject
Project("{FAE04EC0-301F-11D3-BF4B-00C04F79EFBC}") = "DTXMania", "DTXMania\DTXMania.csproj", "{736BE388-5EC5-4BF9-838B-8580C9A8DA9C}"
EndProject
Project("{FAE04EC0-301F-11D3-BF4B-00C04F79EFBC}") = "DTXManiaTests", "DTXManiaTests\DTXManiaTests.csproj", "{8102B4E0-F490-4FFE-A0C5-478128E88DCC}"
EndProject
Project("{FAE04EC0-301F-11D3-BF4B-00C04F79EFBC}") = "SSTFEditor", "SSTFEditor\SSTFEditor.csproj", "{487B9AFD-05D4-41AE-9800-21E16B382BB7}"
EndProject
Project("{FAE04EC0-301F-11D3-BF4B-00C04F79EFBC}") = "SSTFormatTests", "SSTFormatTests\SSTFormatTests.csproj", "{17AD5463-E418-4F95-8371-B7918D8B7853}"
EndProject
Global
	GlobalSection(SolutionConfigurationPlatforms) = preSolution
		Debug|Any CPU = Debug|Any CPU
		Debug|x64 = Debug|x64
		Release|Any CPU = Release|Any CPU
		Release|x64 = Release|x64
		RemoteDebug|Any CPU = RemoteDebug|Any CPU
		RemoteDebug|x64 = RemoteDebug|x64
	EndGlobalSection
	GlobalSection(ProjectConfigurationPlatforms) = postSolution
		{0E35C4AC-6E28-4A09-A6CE-05D177800051}.Debug|Any CPU.ActiveCfg = Debug|Any CPU
		{0E35C4AC-6E28-4A09-A6CE-05D177800051}.Debug|Any CPU.Build.0 = Debug|Any CPU
		{0E35C4AC-6E28-4A09-A6CE-05D177800051}.Debug|x64.ActiveCfg = Debug|x64
		{0E35C4AC-6E28-4A09-A6CE-05D177800051}.Debug|x64.Build.0 = Debug|x64
		{0E35C4AC-6E28-4A09-A6CE-05D177800051}.Release|Any CPU.ActiveCfg = Release|Any CPU
		{0E35C4AC-6E28-4A09-A6CE-05D177800051}.Release|Any CPU.Build.0 = Release|Any CPU
		{0E35C4AC-6E28-4A09-A6CE-05D177800051}.Release|x64.ActiveCfg = Release|x64
		{0E35C4AC-6E28-4A09-A6CE-05D177800051}.Release|x64.Build.0 = Release|x64
		{0E35C4AC-6E28-4A09-A6CE-05D177800051}.RemoteDebug|Any CPU.ActiveCfg = RemoteDebug|Any CPU
		{0E35C4AC-6E28-4A09-A6CE-05D177800051}.RemoteDebug|Any CPU.Build.0 = RemoteDebug|Any CPU
		{0E35C4AC-6E28-4A09-A6CE-05D177800051}.RemoteDebug|x64.ActiveCfg = RemoteDebug|x64
		{0E35C4AC-6E28-4A09-A6CE-05D177800051}.RemoteDebug|x64.Build.0 = RemoteDebug|x64
		{24C456DB-F7CA-45CE-84A6-0B2EAF32ED07}.Debug|Any CPU.ActiveCfg = Debug|Any CPU
		{24C456DB-F7CA-45CE-84A6-0B2EAF32ED07}.Debug|Any CPU.Build.0 = Debug|Any CPU
		{24C456DB-F7CA-45CE-84A6-0B2EAF32ED07}.Debug|x64.ActiveCfg = Debug|x64
		{24C456DB-F7CA-45CE-84A6-0B2EAF32ED07}.Debug|x64.Build.0 = Debug|x64
		{24C456DB-F7CA-45CE-84A6-0B2EAF32ED07}.Release|Any CPU.ActiveCfg = Release|Any CPU
		{24C456DB-F7CA-45CE-84A6-0B2EAF32ED07}.Release|Any CPU.Build.0 = Release|Any CPU
		{24C456DB-F7CA-45CE-84A6-0B2EAF32ED07}.Release|x64.ActiveCfg = Release|x64
		{24C456DB-F7CA-45CE-84A6-0B2EAF32ED07}.Release|x64.Build.0 = Release|x64
		{24C456DB-F7CA-45CE-84A6-0B2EAF32ED07}.RemoteDebug|Any CPU.ActiveCfg = Debug|Any CPU
		{24C456DB-F7CA-45CE-84A6-0B2EAF32ED07}.RemoteDebug|Any CPU.Build.0 = Debug|Any CPU
		{24C456DB-F7CA-45CE-84A6-0B2EAF32ED07}.RemoteDebug|x64.ActiveCfg = Debug|x64
		{24C456DB-F7CA-45CE-84A6-0B2EAF32ED07}.RemoteDebug|x64.Build.0 = Debug|x64
		{93B53767-A0A5-431C-9EC7-B23DBFFB10EC}.Debug|Any CPU.ActiveCfg = Debug|Any CPU
		{93B53767-A0A5-431C-9EC7-B23DBFFB10EC}.Debug|Any CPU.Build.0 = Debug|Any CPU
		{93B53767-A0A5-431C-9EC7-B23DBFFB10EC}.Debug|x64.ActiveCfg = Debug|x64
		{93B53767-A0A5-431C-9EC7-B23DBFFB10EC}.Debug|x64.Build.0 = Debug|x64
		{93B53767-A0A5-431C-9EC7-B23DBFFB10EC}.Release|Any CPU.ActiveCfg = Release|Any CPU
		{93B53767-A0A5-431C-9EC7-B23DBFFB10EC}.Release|Any CPU.Build.0 = Release|Any CPU
		{93B53767-A0A5-431C-9EC7-B23DBFFB10EC}.Release|x64.ActiveCfg = Release|x64
		{93B53767-A0A5-431C-9EC7-B23DBFFB10EC}.Release|x64.Build.0 = Release|x64
		{93B53767-A0A5-431C-9EC7-B23DBFFB10EC}.RemoteDebug|Any CPU.ActiveCfg = RemoteDebug|Any CPU
		{93B53767-A0A5-431C-9EC7-B23DBFFB10EC}.RemoteDebug|Any CPU.Build.0 = RemoteDebug|Any CPU
		{93B53767-A0A5-431C-9EC7-B23DBFFB10EC}.RemoteDebug|x64.ActiveCfg = RemoteDebug|x64
		{93B53767-A0A5-431C-9EC7-B23DBFFB10EC}.RemoteDebug|x64.Build.0 = RemoteDebug|x64
		{736BE388-5EC5-4BF9-838B-8580C9A8DA9C}.Debug|Any CPU.ActiveCfg = Debug|Any CPU
		{736BE388-5EC5-4BF9-838B-8580C9A8DA9C}.Debug|Any CPU.Build.0 = Debug|Any CPU
		{736BE388-5EC5-4BF9-838B-8580C9A8DA9C}.Debug|x64.ActiveCfg = Debug|x64
		{736BE388-5EC5-4BF9-838B-8580C9A8DA9C}.Debug|x64.Build.0 = Debug|x64
		{736BE388-5EC5-4BF9-838B-8580C9A8DA9C}.Release|Any CPU.ActiveCfg = Release|Any CPU
		{736BE388-5EC5-4BF9-838B-8580C9A8DA9C}.Release|Any CPU.Build.0 = Release|Any CPU
		{736BE388-5EC5-4BF9-838B-8580C9A8DA9C}.Release|x64.ActiveCfg = Release|x64
		{736BE388-5EC5-4BF9-838B-8580C9A8DA9C}.Release|x64.Build.0 = Release|x64
		{736BE388-5EC5-4BF9-838B-8580C9A8DA9C}.RemoteDebug|Any CPU.ActiveCfg = RemoteDebug|Any CPU
		{736BE388-5EC5-4BF9-838B-8580C9A8DA9C}.RemoteDebug|Any CPU.Build.0 = RemoteDebug|Any CPU
		{736BE388-5EC5-4BF9-838B-8580C9A8DA9C}.RemoteDebug|x64.ActiveCfg = RemoteDebug|x64
		{736BE388-5EC5-4BF9-838B-8580C9A8DA9C}.RemoteDebug|x64.Build.0 = RemoteDebug|x64
		{8102B4E0-F490-4FFE-A0C5-478128E88DCC}.Debug|Any CPU.ActiveCfg = Debug|Any CPU
		{8102B4E0-F490-4FFE-A0C5-478128E88DCC}.Debug|Any CPU.Build.0 = Debug|Any CPU
		{8102B4E0-F490-4FFE-A0C5-478128E88DCC}.Debug|x64.ActiveCfg = Debug|x64
		{8102B4E0-F490-4FFE-A0C5-478128E88DCC}.Debug|x64.Build.0 = Debug|x64
		{8102B4E0-F490-4FFE-A0C5-478128E88DCC}.Release|Any CPU.ActiveCfg = Release|Any CPU
		{8102B4E0-F490-4FFE-A0C5-478128E88DCC}.Release|Any CPU.Build.0 = Release|Any CPU
		{8102B4E0-F490-4FFE-A0C5-478128E88DCC}.Release|x64.ActiveCfg = Release|x64
		{8102B4E0-F490-4FFE-A0C5-478128E88DCC}.Release|x64.Build.0 = Release|x64
		{8102B4E0-F490-4FFE-A0C5-478128E88DCC}.RemoteDebug|Any CPU.ActiveCfg = Debug|Any CPU
		{8102B4E0-F490-4FFE-A0C5-478128E88DCC}.RemoteDebug|Any CPU.Build.0 = Debug|Any CPU
		{8102B4E0-F490-4FFE-A0C5-478128E88DCC}.RemoteDebug|x64.ActiveCfg = Debug|x64
		{8102B4E0-F490-4FFE-A0C5-478128E88DCC}.RemoteDebug|x64.Build.0 = Debug|x64
		{487B9AFD-05D4-41AE-9800-21E16B382BB7}.Debug|Any CPU.ActiveCfg = Debug|Any CPU
		{487B9AFD-05D4-41AE-9800-21E16B382BB7}.Debug|Any CPU.Build.0 = Debug|Any CPU
		{487B9AFD-05D4-41AE-9800-21E16B382BB7}.Debug|x64.ActiveCfg = Debug|x64
		{487B9AFD-05D4-41AE-9800-21E16B382BB7}.Debug|x64.Build.0 = Debug|x64
		{487B9AFD-05D4-41AE-9800-21E16B382BB7}.Release|Any CPU.ActiveCfg = Release|Any CPU
		{487B9AFD-05D4-41AE-9800-21E16B382BB7}.Release|Any CPU.Build.0 = Release|Any CPU
		{487B9AFD-05D4-41AE-9800-21E16B382BB7}.Release|x64.ActiveCfg = Release|x64
		{487B9AFD-05D4-41AE-9800-21E16B382BB7}.Release|x64.Build.0 = Release|x64
		{487B9AFD-05D4-41AE-9800-21E16B382BB7}.RemoteDebug|Any CPU.ActiveCfg = RemoteDebug|Any CPU
		{487B9AFD-05D4-41AE-9800-21E16B382BB7}.RemoteDebug|Any CPU.Build.0 = RemoteDebug|Any CPU
		{487B9AFD-05D4-41AE-9800-21E16B382BB7}.RemoteDebug|x64.ActiveCfg = RemoteDebug|x64
		{487B9AFD-05D4-41AE-9800-21E16B382BB7}.RemoteDebug|x64.Build.0 = RemoteDebug|x64
		{17AD5463-E418-4F95-8371-B7918D8B7853}.Debug|Any CPU.ActiveCfg = Debug|Any CPU
		{17AD5463-E418-4F95-8371-B7918D8B7853}.Debug|Any CPU.Build.0 = Debug|Any CPU
		{17AD5463-E418-4F95-8371-B7918D8B7853}.Debug|x64.ActiveCfg = Debug|Any CPU
		{17AD5463-E418-4F95-8371-B7918D8B7853}.Debug|x64.Build.0 = Debug|Any CPU
		{17AD5463-E418-4F95-8371-B7918D8B7853}.Release|Any CPU.ActiveCfg = Release|Any CPU
		{17AD5463-E418-4F95-8371-B7918D8B7853}.Release|Any CPU.Build.0 = Release|Any CPU
		{17AD5463-E418-4F95-8371-B7918D8B7853}.Release|x64.ActiveCfg = Release|Any CPU
		{17AD5463-E418-4F95-8371-B7918D8B7853}.Release|x64.Build.0 = Release|Any CPU
		{17AD5463-E418-4F95-8371-B7918D8B7853}.RemoteDebug|Any CPU.ActiveCfg = Debug|Any CPU
		{17AD5463-E418-4F95-8371-B7918D8B7853}.RemoteDebug|Any CPU.Build.0 = Debug|Any CPU
		{17AD5463-E418-4F95-8371-B7918D8B7853}.RemoteDebug|x64.ActiveCfg = Debug|Any CPU
		{17AD5463-E418-4F95-8371-B7918D8B7853}.RemoteDebug|x64.Build.0 = Debug|Any CPU
	EndGlobalSection
	GlobalSection(SolutionProperties) = preSolution
		HideSolutionNode = FALSE
	EndGlobalSection
	GlobalSection(ExtensibilityGlobals) = postSolution
		SolutionGuid = {5F112F71-CD17-4B0E-8866-400C65EB3D24}
	EndGlobalSection
EndGlobal
